
Microsoft Visual Studio Solution File, Format Version 12.00
# Visual Studio Version 17
VisualStudioVersion = 17.3.32901.215
MinimumVisualStudioVersion = 10.0.40219.1
Project("{FAE04EC0-301F-11D3-BF4B-00C04F79EFBC}") = "CV", "CV\CV.csproj", "{B5FDE703-CBE5-44FB-B04F-0424C1FAC2BA}"
EndProject
Global
	GlobalSection(SolutionConfigurationPlatforms) = preSolution
		Debug|Any CPU = Debug|Any CPU
		Release|Any CPU = Release|Any CPU
	EndGlobalSection
	GlobalSection(ProjectConfigurationPlatforms) = postSolution
		{B5FDE703-CBE5-44FB-B04F-0424C1FAC2BA}.Debug|Any CPU.ActiveCfg = Debug|Any CPU
		{B5FDE703-CBE5-44FB-B04F-0424C1FAC2BA}.Debug|Any CPU.Build.0 = Debug|Any CPU
		{B5FDE703-CBE5-44FB-B04F-0424C1FAC2BA}.Release|Any CPU.ActiveCfg = Release|Any CPU
		{B5FDE703-CBE5-44FB-B04F-0424C1FAC2BA}.Release|Any CPU.Build.0 = Release|Any CPU
	EndGlobalSection
	GlobalSection(SolutionProperties) = preSolution
		HideSolutionNode = FALSE
	EndGlobalSection
	GlobalSection(ExtensibilityGlobals) = postSolution
		SolutionGuid = {6C6B5EF0-D2BC-4FAD-9CC0-7441F1809390}
	EndGlobalSection
EndGlobal
