
Microsoft Visual Studio Solution File, Format Version 12.00
# Visual Studio Version 17
VisualStudioVersion = 17.3.32901.215
MinimumVisualStudioVersion = 10.0.40219.1
Project("{FAE04EC0-301F-11D3-BF4B-00C04F79EFBC}") = "Zero Hunger", "Zero Hunger\Zero Hunger.csproj", "{76858806-9F9F-4CCF-9A22-5C9D36002FF8}"
EndProject
Global
	GlobalSection(SolutionConfigurationPlatforms) = preSolution
		Debug|Any CPU = Debug|Any CPU
		Release|Any CPU = Release|Any CPU
	EndGlobalSection
	GlobalSection(ProjectConfigurationPlatforms) = postSolution
		{76858806-9F9F-4CCF-9A22-5C9D36002FF8}.Debug|Any CPU.ActiveCfg = Debug|Any CPU
		{76858806-9F9F-4CCF-9A22-5C9D36002FF8}.Debug|Any CPU.Build.0 = Debug|Any CPU
		{76858806-9F9F-4CCF-9A22-5C9D36002FF8}.Release|Any CPU.ActiveCfg = Release|Any CPU
		{76858806-9F9F-4CCF-9A22-5C9D36002FF8}.Release|Any CPU.Build.0 = Release|Any CPU
	EndGlobalSection
	GlobalSection(SolutionProperties) = preSolution
		HideSolutionNode = FALSE
	EndGlobalSection
	GlobalSection(ExtensibilityGlobals) = postSolution
		SolutionGuid = {64996A64-7FA6-411C-995F-B9B2BBBE1AAC}
	EndGlobalSection
EndGlobal
